// !$*UTF8*$!
{
	archiveVersion = 1;
	classes = {
	};
	objectVersion = 56;
	objects = {

/* Begin PBXBuildFile section */
		B1B050372BA0970E00FD010A /* Festival_du_Jeu_IOSApp.swift in Sources */ = {isa = PBXBuildFile; fileRef = B1B050362BA0970E00FD010A /* Festival_du_Jeu_IOSApp.swift */; };
		B1B050392BA0970E00FD010A /* ContentView.swift in Sources */ = {isa = PBXBuildFile; fileRef = B1B050382BA0970E00FD010A /* ContentView.swift */; };
		B1B0503B2BA0971000FD010A /* Assets.xcassets in Resources */ = {isa = PBXBuildFile; fileRef = B1B0503A2BA0971000FD010A /* Assets.xcassets */; };
		B1B0503E2BA0971000FD010A /* Preview Assets.xcassets in Resources */ = {isa = PBXBuildFile; fileRef = B1B0503D2BA0971000FD010A /* Preview Assets.xcassets */; };
		B1B050482BA0971000FD010A /* Festival_du_Jeu_IOSTests.swift in Sources */ = {isa = PBXBuildFile; fileRef = B1B050472BA0971000FD010A /* Festival_du_Jeu_IOSTests.swift */; };
		B1B050522BA0971000FD010A /* Festival_du_Jeu_IOSUITests.swift in Sources */ = {isa = PBXBuildFile; fileRef = B1B050512BA0971000FD010A /* Festival_du_Jeu_IOSUITests.swift */; };
		B1B050542BA0971000FD010A /* Festival_du_Jeu_IOSUITestsLaunchTests.swift in Sources */ = {isa = PBXBuildFile; fileRef = B1B050532BA0971000FD010A /* Festival_du_Jeu_IOSUITestsLaunchTests.swift */; };
		B1B0506F2BA09D0E00FD010A /* AuthView.swift in Sources */ = {isa = PBXBuildFile; fileRef = B1B0506E2BA09D0E00FD010A /* AuthView.swift */; };
		B1B050712BA09DA500FD010A /* CustomButton.swift in Sources */ = {isa = PBXBuildFile; fileRef = B1B050702BA09DA500FD010A /* CustomButton.swift */; };
/* End PBXBuildFile section */

/* Begin PBXContainerItemProxy section */
		B1B050442BA0971000FD010A /* PBXContainerItemProxy */ = {
			isa = PBXContainerItemProxy;
			containerPortal = B1B0502B2BA0970E00FD010A /* Project object */;
			proxyType = 1;
			remoteGlobalIDString = B1B050322BA0970E00FD010A;
			remoteInfo = "Festival du Jeu IOS";
		};
		B1B0504E2BA0971000FD010A /* PBXContainerItemProxy */ = {
			isa = PBXContainerItemProxy;
			containerPortal = B1B0502B2BA0970E00FD010A /* Project object */;
			proxyType = 1;
			remoteGlobalIDString = B1B050322BA0970E00FD010A;
			remoteInfo = "Festival du Jeu IOS";
		};
/* End PBXContainerItemProxy section */

/* Begin PBXFileReference section */
		B1B050332BA0970E00FD010A /* Festival du Jeu IOS.app */ = {isa = PBXFileReference; explicitFileType = wrapper.application; includeInIndex = 0; path = "Festival du Jeu IOS.app"; sourceTree = BUILT_PRODUCTS_DIR; };
		B1B050362BA0970E00FD010A /* Festival_du_Jeu_IOSApp.swift */ = {isa = PBXFileReference; lastKnownFileType = sourcecode.swift; path = Festival_du_Jeu_IOSApp.swift; sourceTree = "<group>"; };
		B1B050382BA0970E00FD010A /* ContentView.swift */ = {isa = PBXFileReference; lastKnownFileType = sourcecode.swift; path = ContentView.swift; sourceTree = "<group>"; };
		B1B0503A2BA0971000FD010A /* Assets.xcassets */ = {isa = PBXFileReference; lastKnownFileType = folder.assetcatalog; path = Assets.xcassets; sourceTree = "<group>"; };
		B1B0503D2BA0971000FD010A /* Preview Assets.xcassets */ = {isa = PBXFileReference; lastKnownFileType = folder.assetcatalog; path = "Preview Assets.xcassets"; sourceTree = "<group>"; };
		B1B050432BA0971000FD010A /* Festival du Jeu IOSTests.xctest */ = {isa = PBXFileReference; explicitFileType = wrapper.cfbundle; includeInIndex = 0; path = "Festival du Jeu IOSTests.xctest"; sourceTree = BUILT_PRODUCTS_DIR; };
		B1B050472BA0971000FD010A /* Festival_du_Jeu_IOSTests.swift */ = {isa = PBXFileReference; lastKnownFileType = sourcecode.swift; path = Festival_du_Jeu_IOSTests.swift; sourceTree = "<group>"; };
		B1B0504D2BA0971000FD010A /* Festival du Jeu IOSUITests.xctest */ = {isa = PBXFileReference; explicitFileType = wrapper.cfbundle; includeInIndex = 0; path = "Festival du Jeu IOSUITests.xctest"; sourceTree = BUILT_PRODUCTS_DIR; };
		B1B050512BA0971000FD010A /* Festival_du_Jeu_IOSUITests.swift */ = {isa = PBXFileReference; lastKnownFileType = sourcecode.swift; path = Festival_du_Jeu_IOSUITests.swift; sourceTree = "<group>"; };
		B1B050532BA0971000FD010A /* Festival_du_Jeu_IOSUITestsLaunchTests.swift */ = {isa = PBXFileReference; lastKnownFileType = sourcecode.swift; path = Festival_du_Jeu_IOSUITestsLaunchTests.swift; sourceTree = "<group>"; };
		B1B0506E2BA09D0E00FD010A /* AuthView.swift */ = {isa = PBXFileReference; lastKnownFileType = sourcecode.swift; path = AuthView.swift; sourceTree = "<group>"; };
		B1B050702BA09DA500FD010A /* CustomButton.swift */ = {isa = PBXFileReference; lastKnownFileType = sourcecode.swift; path = CustomButton.swift; sourceTree = "<group>"; };
/* End PBXFileReference section */

/* Begin PBXFrameworksBuildPhase section */
		B1B050302BA0970E00FD010A /* Frameworks */ = {
			isa = PBXFrameworksBuildPhase;
			buildActionMask = 2147483647;
			files = (
			);
			runOnlyForDeploymentPostprocessing = 0;
		};
		B1B050402BA0971000FD010A /* Frameworks */ = {
			isa = PBXFrameworksBuildPhase;
			buildActionMask = 2147483647;
			files = (
			);
			runOnlyForDeploymentPostprocessing = 0;
		};
		B1B0504A2BA0971000FD010A /* Frameworks */ = {
			isa = PBXFrameworksBuildPhase;
			buildActionMask = 2147483647;
			files = (
			);
			runOnlyForDeploymentPostprocessing = 0;
		};
/* End PBXFrameworksBuildPhase section */

/* Begin PBXGroup section */
		B1B0502A2BA0970E00FD010A = {
			isa = PBXGroup;
			children = (
				B1B050352BA0970E00FD010A /* Festival du Jeu IOS */,
				B1B050462BA0971000FD010A /* Festival du Jeu IOSTests */,
				B1B050502BA0971000FD010A /* Festival du Jeu IOSUITests */,
				B1B050342BA0970E00FD010A /* Products */,
			);
			sourceTree = "<group>";
		};
		B1B050342BA0970E00FD010A /* Products */ = {
			isa = PBXGroup;
			children = (
				B1B050332BA0970E00FD010A /* Festival du Jeu IOS.app */,
				B1B050432BA0971000FD010A /* Festival du Jeu IOSTests.xctest */,
				B1B0504D2BA0971000FD010A /* Festival du Jeu IOSUITests.xctest */,
			);
			name = Products;
			sourceTree = "<group>";
		};
		B1B050352BA0970E00FD010A /* Festival du Jeu IOS */ = {
			isa = PBXGroup;
			children = (
				B1B050682BA09B8A00FD010A /* Views */,
				B1B050672BA09AE400FD010A /* ViewModels */,
				B1B050662BA09AD300FD010A /* Tools */,
				B1B050652BA09ABF00FD010A /* Intents */,
				B1B050642BA09A9900FD010A /* Enums */,
				B1B050632BA09A8D00FD010A /* DTOs */,
				B1B050622BA09A7700FD010A /* Components */,
				B1B050362BA0970E00FD010A /* Festival_du_Jeu_IOSApp.swift */,
				B1B050382BA0970E00FD010A /* ContentView.swift */,
				B1B0503A2BA0971000FD010A /* Assets.xcassets */,
				B1B0503C2BA0971000FD010A /* Preview Content */,
			);
			path = "Festival du Jeu IOS";
			sourceTree = "<group>";
		};
		B1B0503C2BA0971000FD010A /* Preview Content */ = {
			isa = PBXGroup;
			children = (
				B1B0503D2BA0971000FD010A /* Preview Assets.xcassets */,
			);
			path = "Preview Content";
			sourceTree = "<group>";
		};
		B1B050462BA0971000FD010A /* Festival du Jeu IOSTests */ = {
			isa = PBXGroup;
			children = (
				B1B050472BA0971000FD010A /* Festival_du_Jeu_IOSTests.swift */,
			);
			path = "Festival du Jeu IOSTests";
			sourceTree = "<group>";
		};
		B1B050502BA0971000FD010A /* Festival du Jeu IOSUITests */ = {
			isa = PBXGroup;
			children = (
				B1B050512BA0971000FD010A /* Festival_du_Jeu_IOSUITests.swift */,
				B1B050532BA0971000FD010A /* Festival_du_Jeu_IOSUITestsLaunchTests.swift */,
			);
			path = "Festival du Jeu IOSUITests";
			sourceTree = "<group>";
		};
		B1B050622BA09A7700FD010A /* Components */ = {
			isa = PBXGroup;
			children = (
				B1B050702BA09DA500FD010A /* CustomButton.swift */,
			);
			path = Components;
			sourceTree = "<group>";
		};
		B1B050632BA09A8D00FD010A /* DTOs */ = {
			isa = PBXGroup;
			children = (
			);
			path = DTOs;
			sourceTree = "<group>";
		};
		B1B050642BA09A9900FD010A /* Enums */ = {
			isa = PBXGroup;
			children = (
			);
			path = Enums;
			sourceTree = "<group>";
		};
		B1B050652BA09ABF00FD010A /* Intents */ = {
			isa = PBXGroup;
			children = (
			);
			path = Intents;
			sourceTree = "<group>";
		};
		B1B050662BA09AD300FD010A /* Tools */ = {
			isa = PBXGroup;
			children = (
			);
			path = Tools;
			sourceTree = "<group>";
		};
		B1B050672BA09AE400FD010A /* ViewModels */ = {
			isa = PBXGroup;
			children = (
			);
			path = ViewModels;
			sourceTree = "<group>";
		};
		B1B050682BA09B8A00FD010A /* Views */ = {
			isa = PBXGroup;
			children = (
				B1B0506B2BA09C8800FD010A /* Auth */,
			);
			path = Views;
			sourceTree = "<group>";
		};
		B1B0506B2BA09C8800FD010A /* Auth */ = {
			isa = PBXGroup;
			children = (
				B1B0506E2BA09D0E00FD010A /* AuthView.swift */,
			);
			path = Auth;
			sourceTree = "<group>";
		};
/* End PBXGroup section */

/* Begin PBXNativeTarget section */
		B1B050322BA0970E00FD010A /* Festival du Jeu IOS */ = {
			isa = PBXNativeTarget;
			buildConfigurationList = B1B050572BA0971000FD010A /* Build configuration list for PBXNativeTarget "Festival du Jeu IOS" */;
			buildPhases = (
				B1B0502F2BA0970E00FD010A /* Sources */,
				B1B050302BA0970E00FD010A /* Frameworks */,
				B1B050312BA0970E00FD010A /* Resources */,
			);
			buildRules = (
			);
			dependencies = (
			);
			name = "Festival du Jeu IOS";
			productName = "Festival du Jeu IOS";
			productReference = B1B050332BA0970E00FD010A /* Festival du Jeu IOS.app */;
			productType = "com.apple.product-type.application";
		};
		B1B050422BA0971000FD010A /* Festival du Jeu IOSTests */ = {
			isa = PBXNativeTarget;
			buildConfigurationList = B1B0505A2BA0971000FD010A /* Build configuration list for PBXNativeTarget "Festival du Jeu IOSTests" */;
			buildPhases = (
				B1B0503F2BA0971000FD010A /* Sources */,
				B1B050402BA0971000FD010A /* Frameworks */,
				B1B050412BA0971000FD010A /* Resources */,
			);
			buildRules = (
			);
			dependencies = (
				B1B050452BA0971000FD010A /* PBXTargetDependency */,
			);
			name = "Festival du Jeu IOSTests";
			productName = "Festival du Jeu IOSTests";
			productReference = B1B050432BA0971000FD010A /* Festival du Jeu IOSTests.xctest */;
			productType = "com.apple.product-type.bundle.unit-test";
		};
		B1B0504C2BA0971000FD010A /* Festival du Jeu IOSUITests */ = {
			isa = PBXNativeTarget;
			buildConfigurationList = B1B0505D2BA0971000FD010A /* Build configuration list for PBXNativeTarget "Festival du Jeu IOSUITests" */;
			buildPhases = (
				B1B050492BA0971000FD010A /* Sources */,
				B1B0504A2BA0971000FD010A /* Frameworks */,
				B1B0504B2BA0971000FD010A /* Resources */,
			);
			buildRules = (
			);
			dependencies = (
				B1B0504F2BA0971000FD010A /* PBXTargetDependency */,
			);
			name = "Festival du Jeu IOSUITests";
			productName = "Festival du Jeu IOSUITests";
			productReference = B1B0504D2BA0971000FD010A /* Festival du Jeu IOSUITests.xctest */;
			productType = "com.apple.product-type.bundle.ui-testing";
		};
/* End PBXNativeTarget section */

/* Begin PBXProject section */
		B1B0502B2BA0970E00FD010A /* Project object */ = {
			isa = PBXProject;
			attributes = {
				BuildIndependentTargetsInParallel = 1;
				LastSwiftUpdateCheck = 1420;
				LastUpgradeCheck = 1420;
				TargetAttributes = {
					B1B050322BA0970E00FD010A = {
						CreatedOnToolsVersion = 14.2;
					};
					B1B050422BA0971000FD010A = {
						CreatedOnToolsVersion = 14.2;
						TestTargetID = B1B050322BA0970E00FD010A;
					};
					B1B0504C2BA0971000FD010A = {
						CreatedOnToolsVersion = 14.2;
						TestTargetID = B1B050322BA0970E00FD010A;
					};
				};
			};
			buildConfigurationList = B1B0502E2BA0970E00FD010A /* Build configuration list for PBXProject "Festival du Jeu IOS" */;
			compatibilityVersion = "Xcode 14.0";
			developmentRegion = en;
			hasScannedForEncodings = 0;
			knownRegions = (
				en,
				Base,
			);
			mainGroup = B1B0502A2BA0970E00FD010A;
			productRefGroup = B1B050342BA0970E00FD010A /* Products */;
			projectDirPath = "";
			projectRoot = "";
			targets = (
				B1B050322BA0970E00FD010A /* Festival du Jeu IOS */,
				B1B050422BA0971000FD010A /* Festival du Jeu IOSTests */,
				B1B0504C2BA0971000FD010A /* Festival du Jeu IOSUITests */,
			);
		};
/* End PBXProject section */

/* Begin PBXResourcesBuildPhase section */
		B1B050312BA0970E00FD010A /* Resources */ = {
			isa = PBXResourcesBuildPhase;
			buildActionMask = 2147483647;
			files = (
				B1B0503E2BA0971000FD010A /* Preview Assets.xcassets in Resources */,
				B1B0503B2BA0971000FD010A /* Assets.xcassets in Resources */,
			);
			runOnlyForDeploymentPostprocessing = 0;
		};
		B1B050412BA0971000FD010A /* Resources */ = {
			isa = PBXResourcesBuildPhase;
			buildActionMask = 2147483647;
			files = (
			);
			runOnlyForDeploymentPostprocessing = 0;
		};
		B1B0504B2BA0971000FD010A /* Resources */ = {
			isa = PBXResourcesBuildPhase;
			buildActionMask = 2147483647;
			files = (
			);
			runOnlyForDeploymentPostprocessing = 0;
		};
/* End PBXResourcesBuildPhase section */

/* Begin PBXSourcesBuildPhase section */
		B1B0502F2BA0970E00FD010A /* Sources */ = {
			isa = PBXSourcesBuildPhase;
			buildActionMask = 2147483647;
			files = (
				B1B050712BA09DA500FD010A /* CustomButton.swift in Sources */,
				B1B050392BA0970E00FD010A /* ContentView.swift in Sources */,
				B1B050372BA0970E00FD010A /* Festival_du_Jeu_IOSApp.swift in Sources */,
				B1B0506F2BA09D0E00FD010A /* AuthView.swift in Sources */,
			);
			runOnlyForDeploymentPostprocessing = 0;
		};
		B1B0503F2BA0971000FD010A /* Sources */ = {
			isa = PBXSourcesBuildPhase;
			buildActionMask = 2147483647;
			files = (
				B1B050482BA0971000FD010A /* Festival_du_Jeu_IOSTests.swift in Sources */,
			);
			runOnlyForDeploymentPostprocessing = 0;
		};
		B1B050492BA0971000FD010A /* Sources */ = {
			isa = PBXSourcesBuildPhase;
			buildActionMask = 2147483647;
			files = (
				B1B050542BA0971000FD010A /* Festival_du_Jeu_IOSUITestsLaunchTests.swift in Sources */,
				B1B050522BA0971000FD010A /* Festival_du_Jeu_IOSUITests.swift in Sources */,
			);
			runOnlyForDeploymentPostprocessing = 0;
		};
/* End PBXSourcesBuildPhase section */

/* Begin PBXTargetDependency section */
		B1B050452BA0971000FD010A /* PBXTargetDependency */ = {
			isa = PBXTargetDependency;
			target = B1B050322BA0970E00FD010A /* Festival du Jeu IOS */;
			targetProxy = B1B050442BA0971000FD010A /* PBXContainerItemProxy */;
		};
		B1B0504F2BA0971000FD010A /* PBXTargetDependency */ = {
			isa = PBXTargetDependency;
			target = B1B050322BA0970E00FD010A /* Festival du Jeu IOS */;
			targetProxy = B1B0504E2BA0971000FD010A /* PBXContainerItemProxy */;
		};
/* End PBXTargetDependency section */

/* Begin XCBuildConfiguration section */
		B1B050552BA0971000FD010A /* Debug */ = {
			isa = XCBuildConfiguration;
			buildSettings = {
				ALWAYS_SEARCH_USER_PATHS = NO;
				CLANG_ANALYZER_NONNULL = YES;
				CLANG_ANALYZER_NUMBER_OBJECT_CONVERSION = YES_AGGRESSIVE;
				CLANG_CXX_LANGUAGE_STANDARD = "gnu++20";
				CLANG_ENABLE_MODULES = YES;
				CLANG_ENABLE_OBJC_ARC = YES;
				CLANG_ENABLE_OBJC_WEAK = YES;
				CLANG_WARN_BLOCK_CAPTURE_AUTORELEASING = YES;
				CLANG_WARN_BOOL_CONVERSION = YES;
				CLANG_WARN_COMMA = YES;
				CLANG_WARN_CONSTANT_CONVERSION = YES;
				CLANG_WARN_DEPRECATED_OBJC_IMPLEMENTATIONS = YES;
				CLANG_WARN_DIRECT_OBJC_ISA_USAGE = YES_ERROR;
				CLANG_WARN_DOCUMENTATION_COMMENTS = YES;
				CLANG_WARN_EMPTY_BODY = YES;
				CLANG_WARN_ENUM_CONVERSION = YES;
				CLANG_WARN_INFINITE_RECURSION = YES;
				CLANG_WARN_INT_CONVERSION = YES;
				CLANG_WARN_NON_LITERAL_NULL_CONVERSION = YES;
				CLANG_WARN_OBJC_IMPLICIT_RETAIN_SELF = YES;
				CLANG_WARN_OBJC_LITERAL_CONVERSION = YES;
				CLANG_WARN_OBJC_ROOT_CLASS = YES_ERROR;
				CLANG_WARN_QUOTED_INCLUDE_IN_FRAMEWORK_HEADER = YES;
				CLANG_WARN_RANGE_LOOP_ANALYSIS = YES;
				CLANG_WARN_STRICT_PROTOTYPES = YES;
				CLANG_WARN_SUSPICIOUS_MOVE = YES;
				CLANG_WARN_UNGUARDED_AVAILABILITY = YES_AGGRESSIVE;
				CLANG_WARN_UNREACHABLE_CODE = YES;
				CLANG_WARN__DUPLICATE_METHOD_MATCH = YES;
				COPY_PHASE_STRIP = NO;
				DEBUG_INFORMATION_FORMAT = dwarf;
				ENABLE_STRICT_OBJC_MSGSEND = YES;
				ENABLE_TESTABILITY = YES;
				GCC_C_LANGUAGE_STANDARD = gnu11;
				GCC_DYNAMIC_NO_PIC = NO;
				GCC_NO_COMMON_BLOCKS = YES;
				GCC_OPTIMIZATION_LEVEL = 0;
				GCC_PREPROCESSOR_DEFINITIONS = (
					"DEBUG=1",
					"$(inherited)",
				);
				GCC_WARN_64_TO_32_BIT_CONVERSION = YES;
				GCC_WARN_ABOUT_RETURN_TYPE = YES_ERROR;
				GCC_WARN_UNDECLARED_SELECTOR = YES;
				GCC_WARN_UNINITIALIZED_AUTOS = YES_AGGRESSIVE;
				GCC_WARN_UNUSED_FUNCTION = YES;
				GCC_WARN_UNUSED_VARIABLE = YES;
				IPHONEOS_DEPLOYMENT_TARGET = 16.2;
				MTL_ENABLE_DEBUG_INFO = INCLUDE_SOURCE;
				MTL_FAST_MATH = YES;
				ONLY_ACTIVE_ARCH = YES;
				SDKROOT = iphoneos;
				SWIFT_ACTIVE_COMPILATION_CONDITIONS = DEBUG;
				SWIFT_OPTIMIZATION_LEVEL = "-Onone";
			};
			name = Debug;
		};
		B1B050562BA0971000FD010A /* Release */ = {
			isa = XCBuildConfiguration;
			buildSettings = {
				ALWAYS_SEARCH_USER_PATHS = NO;
				CLANG_ANALYZER_NONNULL = YES;
				CLANG_ANALYZER_NUMBER_OBJECT_CONVERSION = YES_AGGRESSIVE;
				CLANG_CXX_LANGUAGE_STANDARD = "gnu++20";
				CLANG_ENABLE_MODULES = YES;
				CLANG_ENABLE_OBJC_ARC = YES;
				CLANG_ENABLE_OBJC_WEAK = YES;
				CLANG_WARN_BLOCK_CAPTURE_AUTORELEASING = YES;
				CLANG_WARN_BOOL_CONVERSION = YES;
				CLANG_WARN_COMMA = YES;
				CLANG_WARN_CONSTANT_CONVERSION = YES;
				CLANG_WARN_DEPRECATED_OBJC_IMPLEMENTATIONS = YES;
				CLANG_WARN_DIRECT_OBJC_ISA_USAGE = YES_ERROR;
				CLANG_WARN_DOCUMENTATION_COMMENTS = YES;
				CLANG_WARN_EMPTY_BODY = YES;
				CLANG_WARN_ENUM_CONVERSION = YES;
				CLANG_WARN_INFINITE_RECURSION = YES;
				CLANG_WARN_INT_CONVERSION = YES;
				CLANG_WARN_NON_LITERAL_NULL_CONVERSION = YES;
				CLANG_WARN_OBJC_IMPLICIT_RETAIN_SELF = YES;
				CLANG_WARN_OBJC_LITERAL_CONVERSION = YES;
				CLANG_WARN_OBJC_ROOT_CLASS = YES_ERROR;
				CLANG_WARN_QUOTED_INCLUDE_IN_FRAMEWORK_HEADER = YES;
				CLANG_WARN_RANGE_LOOP_ANALYSIS = YES;
				CLANG_WARN_STRICT_PROTOTYPES = YES;
				CLANG_WARN_SUSPICIOUS_MOVE = YES;
				CLANG_WARN_UNGUARDED_AVAILABILITY = YES_AGGRESSIVE;
				CLANG_WARN_UNREACHABLE_CODE = YES;
				CLANG_WARN__DUPLICATE_METHOD_MATCH = YES;
				COPY_PHASE_STRIP = NO;
				DEBUG_INFORMATION_FORMAT = "dwarf-with-dsym";
				ENABLE_NS_ASSERTIONS = NO;
				ENABLE_STRICT_OBJC_MSGSEND = YES;
				GCC_C_LANGUAGE_STANDARD = gnu11;
				GCC_NO_COMMON_BLOCKS = YES;
				GCC_WARN_64_TO_32_BIT_CONVERSION = YES;
				GCC_WARN_ABOUT_RETURN_TYPE = YES_ERROR;
				GCC_WARN_UNDECLARED_SELECTOR = YES;
				GCC_WARN_UNINITIALIZED_AUTOS = YES_AGGRESSIVE;
				GCC_WARN_UNUSED_FUNCTION = YES;
				GCC_WARN_UNUSED_VARIABLE = YES;
				IPHONEOS_DEPLOYMENT_TARGET = 16.2;
				MTL_ENABLE_DEBUG_INFO = NO;
				MTL_FAST_MATH = YES;
				SDKROOT = iphoneos;
				SWIFT_COMPILATION_MODE = wholemodule;
				SWIFT_OPTIMIZATION_LEVEL = "-O";
				VALIDATE_PRODUCT = YES;
			};
			name = Release;
		};
		B1B050582BA0971000FD010A /* Debug */ = {
			isa = XCBuildConfiguration;
			buildSettings = {
				ASSETCATALOG_COMPILER_APPICON_NAME = AppIcon;
				ASSETCATALOG_COMPILER_GLOBAL_ACCENT_COLOR_NAME = AccentColor;
				CODE_SIGN_STYLE = Automatic;
				CURRENT_PROJECT_VERSION = 1;
				DEVELOPMENT_ASSET_PATHS = "\"Festival du Jeu IOS/Preview Content\"";
				DEVELOPMENT_TEAM = Q7CD5RM5AT;
				ENABLE_PREVIEWS = YES;
				GENERATE_INFOPLIST_FILE = YES;
				INFOPLIST_KEY_UIApplicationSceneManifest_Generation = YES;
				INFOPLIST_KEY_UIApplicationSupportsIndirectInputEvents = YES;
				INFOPLIST_KEY_UILaunchScreen_Generation = YES;
				INFOPLIST_KEY_UISupportedInterfaceOrientations_iPad = "UIInterfaceOrientationPortrait UIInterfaceOrientationPortraitUpsideDown UIInterfaceOrientationLandscapeLeft UIInterfaceOrientationLandscapeRight";
				INFOPLIST_KEY_UISupportedInterfaceOrientations_iPhone = "UIInterfaceOrientationPortrait UIInterfaceOrientationLandscapeLeft UIInterfaceOrientationLandscapeRight";
				LD_RUNPATH_SEARCH_PATHS = (
					"$(inherited)",
					"@executable_path/Frameworks",
				);
				MARKETING_VERSION = 1.0;
				PRODUCT_BUNDLE_IDENTIFIER = "mateo.Festival-du-Jeu-IOS";
				PRODUCT_NAME = "$(TARGET_NAME)";
				SWIFT_EMIT_LOC_STRINGS = YES;
				SWIFT_VERSION = 5.0;
				TARGETED_DEVICE_FAMILY = "1,2";
			};
			name = Debug;
		};
		B1B050592BA0971000FD010A /* Release */ = {
			isa = XCBuildConfiguration;
			buildSettings = {
				ASSETCATALOG_COMPILER_APPICON_NAME = AppIcon;
				ASSETCATALOG_COMPILER_GLOBAL_ACCENT_COLOR_NAME = AccentColor;
				CODE_SIGN_STYLE = Automatic;
				CURRENT_PROJECT_VERSION = 1;
				DEVELOPMENT_ASSET_PATHS = "\"Festival du Jeu IOS/Preview Content\"";
				DEVELOPMENT_TEAM = Q7CD5RM5AT;
				ENABLE_PREVIEWS = YES;
				GENERATE_INFOPLIST_FILE = YES;
				INFOPLIST_KEY_UIApplicationSceneManifest_Generation = YES;
				INFOPLIST_KEY_UIApplicationSupportsIndirectInputEvents = YES;
				INFOPLIST_KEY_UILaunchScreen_Generation = YES;
				INFOPLIST_KEY_UISupportedInterfaceOrientations_iPad = "UIInterfaceOrientationPortrait UIInterfaceOrientationPortraitUpsideDown UIInterfaceOrientationLandscapeLeft UIInterfaceOrientationLandscapeRight";
				INFOPLIST_KEY_UISupportedInterfaceOrientations_iPhone = "UIInterfaceOrientationPortrait UIInterfaceOrientationLandscapeLeft UIInterfaceOrientationLandscapeRight";
				LD_RUNPATH_SEARCH_PATHS = (
					"$(inherited)",
					"@executable_path/Frameworks",
				);
				MARKETING_VERSION = 1.0;
				PRODUCT_BUNDLE_IDENTIFIER = "mateo.Festival-du-Jeu-IOS";
				PRODUCT_NAME = "$(TARGET_NAME)";
				SWIFT_EMIT_LOC_STRINGS = YES;
				SWIFT_VERSION = 5.0;
				TARGETED_DEVICE_FAMILY = "1,2";
			};
			name = Release;
		};
		B1B0505B2BA0971000FD010A /* Debug */ = {
			isa = XCBuildConfiguration;
			buildSettings = {
				ALWAYS_EMBED_SWIFT_STANDARD_LIBRARIES = YES;
				BUNDLE_LOADER = "$(TEST_HOST)";
				CODE_SIGN_STYLE = Automatic;
				CURRENT_PROJECT_VERSION = 1;
				DEVELOPMENT_TEAM = Q7CD5RM5AT;
				GENERATE_INFOPLIST_FILE = YES;
				IPHONEOS_DEPLOYMENT_TARGET = 16.2;
				MARKETING_VERSION = 1.0;
				PRODUCT_BUNDLE_IDENTIFIER = "mateo.Festival-du-Jeu-IOSTests";
				PRODUCT_NAME = "$(TARGET_NAME)";
				SWIFT_EMIT_LOC_STRINGS = NO;
				SWIFT_VERSION = 5.0;
				TARGETED_DEVICE_FAMILY = "1,2";
				TEST_HOST = "$(BUILT_PRODUCTS_DIR)/Festival du Jeu IOS.app/$(BUNDLE_EXECUTABLE_FOLDER_PATH)/Festival du Jeu IOS";
			};
			name = Debug;
		};
		B1B0505C2BA0971000FD010A /* Release */ = {
			isa = XCBuildConfiguration;
			buildSettings = {
				ALWAYS_EMBED_SWIFT_STANDARD_LIBRARIES = YES;
				BUNDLE_LOADER = "$(TEST_HOST)";
				CODE_SIGN_STYLE = Automatic;
				CURRENT_PROJECT_VERSION = 1;
				DEVELOPMENT_TEAM = Q7CD5RM5AT;
				GENERATE_INFOPLIST_FILE = YES;
				IPHONEOS_DEPLOYMENT_TARGET = 16.2;
				MARKETING_VERSION = 1.0;
				PRODUCT_BUNDLE_IDENTIFIER = "mateo.Festival-du-Jeu-IOSTests";
				PRODUCT_NAME = "$(TARGET_NAME)";
				SWIFT_EMIT_LOC_STRINGS = NO;
				SWIFT_VERSION = 5.0;
				TARGETED_DEVICE_FAMILY = "1,2";
				TEST_HOST = "$(BUILT_PRODUCTS_DIR)/Festival du Jeu IOS.app/$(BUNDLE_EXECUTABLE_FOLDER_PATH)/Festival du Jeu IOS";
			};
			name = Release;
		};
		B1B0505E2BA0971000FD010A /* Debug */ = {
			isa = XCBuildConfiguration;
			buildSettings = {
				ALWAYS_EMBED_SWIFT_STANDARD_LIBRARIES = YES;
				CODE_SIGN_STYLE = Automatic;
				CURRENT_PROJECT_VERSION = 1;
				DEVELOPMENT_TEAM = Q7CD5RM5AT;
				GENERATE_INFOPLIST_FILE = YES;
				MARKETING_VERSION = 1.0;
				PRODUCT_BUNDLE_IDENTIFIER = "mateo.Festival-du-Jeu-IOSUITests";
				PRODUCT_NAME = "$(TARGET_NAME)";
				SWIFT_EMIT_LOC_STRINGS = NO;
				SWIFT_VERSION = 5.0;
				TARGETED_DEVICE_FAMILY = "1,2";
				TEST_TARGET_NAME = "Festival du Jeu IOS";
			};
			name = Debug;
		};
		B1B0505F2BA0971000FD010A /* Release */ = {
			isa = XCBuildConfiguration;
			buildSettings = {
				ALWAYS_EMBED_SWIFT_STANDARD_LIBRARIES = YES;
				CODE_SIGN_STYLE = Automatic;
				CURRENT_PROJECT_VERSION = 1;
				DEVELOPMENT_TEAM = Q7CD5RM5AT;
				GENERATE_INFOPLIST_FILE = YES;
				MARKETING_VERSION = 1.0;
				PRODUCT_BUNDLE_IDENTIFIER = "mateo.Festival-du-Jeu-IOSUITests";
				PRODUCT_NAME = "$(TARGET_NAME)";
				SWIFT_EMIT_LOC_STRINGS = NO;
				SWIFT_VERSION = 5.0;
				TARGETED_DEVICE_FAMILY = "1,2";
				TEST_TARGET_NAME = "Festival du Jeu IOS";
			};
			name = Release;
		};
/* End XCBuildConfiguration section */

/* Begin XCConfigurationList section */
		B1B0502E2BA0970E00FD010A /* Build configuration list for PBXProject "Festival du Jeu IOS" */ = {
			isa = XCConfigurationList;
			buildConfigurations = (
				B1B050552BA0971000FD010A /* Debug */,
				B1B050562BA0971000FD010A /* Release */,
			);
			defaultConfigurationIsVisible = 0;
			defaultConfigurationName = Release;
		};
		B1B050572BA0971000FD010A /* Build configuration list for PBXNativeTarget "Festival du Jeu IOS" */ = {
			isa = XCConfigurationList;
			buildConfigurations = (
				B1B050582BA0971000FD010A /* Debug */,
				B1B050592BA0971000FD010A /* Release */,
			);
			defaultConfigurationIsVisible = 0;
			defaultConfigurationName = Release;
		};
		B1B0505A2BA0971000FD010A /* Build configuration list for PBXNativeTarget "Festival du Jeu IOSTests" */ = {
			isa = XCConfigurationList;
			buildConfigurations = (
				B1B0505B2BA0971000FD010A /* Debug */,
				B1B0505C2BA0971000FD010A /* Release */,
			);
			defaultConfigurationIsVisible = 0;
			defaultConfigurationName = Release;
		};
		B1B0505D2BA0971000FD010A /* Build configuration list for PBXNativeTarget "Festival du Jeu IOSUITests" */ = {
			isa = XCConfigurationList;
			buildConfigurations = (
				B1B0505E2BA0971000FD010A /* Debug */,
				B1B0505F2BA0971000FD010A /* Release */,
			);
			defaultConfigurationIsVisible = 0;
			defaultConfigurationName = Release;
		};
/* End XCConfigurationList section */
	};
	rootObject = B1B0502B2BA0970E00FD010A /* Project object */;
}
