// !$*UTF8*$!
{
	archiveVersion = 1;
	classes = {
	};
	objectVersion = 56;
	objects = {

/* Begin PBXBuildFile section */
		B117BC8B2BADC7F3008B5CBD /* Requests.swift in Sources */ = {isa = PBXBuildFile; fileRef = B117BC8A2BADC7F3008B5CBD /* Requests.swift */; };
		B182BFBF2BA9EFC500A4E568 /* ProfileView.swift in Sources */ = {isa = PBXBuildFile; fileRef = B182BFBE2BA9EFC500A4E568 /* ProfileView.swift */; };
		B182BFC22BA9F5B500A4E568 /* ProfileModel.swift in Sources */ = {isa = PBXBuildFile; fileRef = B182BFC12BA9F5B500A4E568 /* ProfileModel.swift */; };
		B182BFC42BA9F76100A4E568 /* ProfileViewModel.swift in Sources */ = {isa = PBXBuildFile; fileRef = B182BFC32BA9F76100A4E568 /* ProfileViewModel.swift */; };
		B182BFC72BA9F92500A4E568 /* TokenManager.swift in Sources */ = {isa = PBXBuildFile; fileRef = B182BFC62BA9F92500A4E568 /* TokenManager.swift */; };
		B182BFCD2BAC9B7A00A4E568 /* SoireeDecouverteModel.swift in Sources */ = {isa = PBXBuildFile; fileRef = B182BFCC2BAC9B7A00A4E568 /* SoireeDecouverteModel.swift */; };
		B182BFCF2BACA8A600A4E568 /* NextAffectationModel.swift in Sources */ = {isa = PBXBuildFile; fileRef = B182BFCE2BACA8A600A4E568 /* NextAffectationModel.swift */; };
		B182BFD12BACA8C900A4E568 /* NextAffectationViewModel.swift in Sources */ = {isa = PBXBuildFile; fileRef = B182BFD02BACA8C900A4E568 /* NextAffectationViewModel.swift */; };
		B1B050372BA0970E00FD010A /* Festival_du_Jeu_IOSApp.swift in Sources */ = {isa = PBXBuildFile; fileRef = B1B050362BA0970E00FD010A /* Festival_du_Jeu_IOSApp.swift */; };
		B1B050392BA0970E00FD010A /* ContentView.swift in Sources */ = {isa = PBXBuildFile; fileRef = B1B050382BA0970E00FD010A /* ContentView.swift */; };
		B1B0503B2BA0971000FD010A /* Assets.xcassets in Resources */ = {isa = PBXBuildFile; fileRef = B1B0503A2BA0971000FD010A /* Assets.xcassets */; };
		B1B0503E2BA0971000FD010A /* Preview Assets.xcassets in Resources */ = {isa = PBXBuildFile; fileRef = B1B0503D2BA0971000FD010A /* Preview Assets.xcassets */; };
		B1B050482BA0971000FD010A /* Festival_du_Jeu_IOSTests.swift in Sources */ = {isa = PBXBuildFile; fileRef = B1B050472BA0971000FD010A /* Festival_du_Jeu_IOSTests.swift */; };
		B1B050522BA0971000FD010A /* Festival_du_Jeu_IOSUITests.swift in Sources */ = {isa = PBXBuildFile; fileRef = B1B050512BA0971000FD010A /* Festival_du_Jeu_IOSUITests.swift */; };
		B1B050542BA0971000FD010A /* Festival_du_Jeu_IOSUITestsLaunchTests.swift in Sources */ = {isa = PBXBuildFile; fileRef = B1B050532BA0971000FD010A /* Festival_du_Jeu_IOSUITestsLaunchTests.swift */; };
		B1B0506F2BA09D0E00FD010A /* AuthView.swift in Sources */ = {isa = PBXBuildFile; fileRef = B1B0506E2BA09D0E00FD010A /* AuthView.swift */; };
		B1B050712BA09DA500FD010A /* CustomButton.swift in Sources */ = {isa = PBXBuildFile; fileRef = B1B050702BA09DA500FD010A /* CustomButton.swift */; };
		B1B050732BA19E8900FD010A /* BenevoleVM.swift in Sources */ = {isa = PBXBuildFile; fileRef = B1B050722BA19E8900FD010A /* BenevoleVM.swift */; };
		B1B050772BA1A69E00FD010A /* APIStates.swift in Sources */ = {isa = PBXBuildFile; fileRef = B1B050762BA1A69E00FD010A /* APIStates.swift */; };
		B1B050792BA1A6C900FD010A /* APIErrors.swift in Sources */ = {isa = PBXBuildFile; fileRef = B1B050782BA1A6C900FD010A /* APIErrors.swift */; };
		B1B0507B2BA1A75C00FD010A /* BenevoleDTO.swift in Sources */ = {isa = PBXBuildFile; fileRef = B1B0507A2BA1A75C00FD010A /* BenevoleDTO.swift */; };
		B1B050802BA1AC6000FD010A /* BenevoleIntent.swift in Sources */ = {isa = PBXBuildFile; fileRef = B1B0507F2BA1AC6000FD010A /* BenevoleIntent.swift */; };
		B1B050822BA1B62800FD010A /* LoginView.swift in Sources */ = {isa = PBXBuildFile; fileRef = B1B050812BA1B62800FD010A /* LoginView.swift */; };
		B1B050852BA1B66A00FD010A /* LoginViewModel.swift in Sources */ = {isa = PBXBuildFile; fileRef = B1B050842BA1B66A00FD010A /* LoginViewModel.swift */; };
		B1B050872BA497FD00FD010A /* WelcomeView.swift in Sources */ = {isa = PBXBuildFile; fileRef = B1B050862BA497FD00FD010A /* WelcomeView.swift */; };
		B1B050892BA4989700FD010A /* WelcomViewModel.swift in Sources */ = {isa = PBXBuildFile; fileRef = B1B050882BA4989700FD010A /* WelcomViewModel.swift */; };
		F8144D1F2BA5F35200B85A7F /* Footer.swift in Sources */ = {isa = PBXBuildFile; fileRef = F8144D1E2BA5F35200B85A7F /* Footer.swift */; };
		F8144D212BA5F5FA00B85A7F /* Colors.swift in Sources */ = {isa = PBXBuildFile; fileRef = F8144D202BA5F5FA00B85A7F /* Colors.swift */; };
		F8144D242BA5FE1000B85A7F /* JeuView.swift in Sources */ = {isa = PBXBuildFile; fileRef = F8144D232BA5FE1000B85A7F /* JeuView.swift */; };
		F8144D262BA5FE3700B85A7F /* JeuxListeView.swift in Sources */ = {isa = PBXBuildFile; fileRef = F8144D252BA5FE3700B85A7F /* JeuxListeView.swift */; };
		F8144D292BA5FE6C00B85A7F /* JeuViewModel.swift in Sources */ = {isa = PBXBuildFile; fileRef = F8144D282BA5FE6C00B85A7F /* JeuViewModel.swift */; };
		F8144D2B2BA5FE9400B85A7F /* JeuxListeViewModel.swift in Sources */ = {isa = PBXBuildFile; fileRef = F8144D2A2BA5FE9400B85A7F /* JeuxListeViewModel.swift */; };
		F8144D2E2BA5FEF100B85A7F /* JeuModel.swift in Sources */ = {isa = PBXBuildFile; fileRef = F8144D2D2BA5FEF100B85A7F /* JeuModel.swift */; };
		F84926802BA8DAFB00D8F0A1 /* EquipeViewModel.swift in Sources */ = {isa = PBXBuildFile; fileRef = F849267F2BA8DAFB00D8F0A1 /* EquipeViewModel.swift */; };
		F8DF89F12BA760C500DF731E /* SignInView.swift in Sources */ = {isa = PBXBuildFile; fileRef = F8DF89F02BA760C500DF731E /* SignInView.swift */; };
		F8DF89F32BA761FA00DF731E /* SignInViewModel.swift in Sources */ = {isa = PBXBuildFile; fileRef = F8DF89F22BA761FA00DF731E /* SignInViewModel.swift */; };
		F8EB29D12BA8326A00E3B570 /* PlanningView.swift in Sources */ = {isa = PBXBuildFile; fileRef = F8EB29D02BA8326A00E3B570 /* PlanningView.swift */; };
		F8EB29D32BA8389700E3B570 /* AffectationModel.swift in Sources */ = {isa = PBXBuildFile; fileRef = F8EB29D22BA8389700E3B570 /* AffectationModel.swift */; };
		F8EB29D52BA839F200E3B570 /* PosteModel.swift in Sources */ = {isa = PBXBuildFile; fileRef = F8EB29D42BA839F200E3B570 /* PosteModel.swift */; };
		F8EB29D72BA83A8D00E3B570 /* ReferentModel.swift in Sources */ = {isa = PBXBuildFile; fileRef = F8EB29D62BA83A8D00E3B570 /* ReferentModel.swift */; };
		F8EB29D92BA83AE600E3B570 /* HoraireModel.swift in Sources */ = {isa = PBXBuildFile; fileRef = F8EB29D82BA83AE600E3B570 /* HoraireModel.swift */; };
		F8EB29DB2BA83BA200E3B570 /* UserModel.swift in Sources */ = {isa = PBXBuildFile; fileRef = F8EB29DA2BA83BA200E3B570 /* UserModel.swift */; };
		F8EB29DD2BA83C0500E3B570 /* ZoneModel.swift in Sources */ = {isa = PBXBuildFile; fileRef = F8EB29DC2BA83C0500E3B570 /* ZoneModel.swift */; };
		F8EB29E02BA83DF600E3B570 /* PlanningViewModel.swift in Sources */ = {isa = PBXBuildFile; fileRef = F8EB29DF2BA83DF600E3B570 /* PlanningViewModel.swift */; };
		F8EB29E22BA847DD00E3B570 /* AffectationView.swift in Sources */ = {isa = PBXBuildFile; fileRef = F8EB29E12BA847DD00E3B570 /* AffectationView.swift */; };
		F8EB29E42BA8480100E3B570 /* AffectationViewModel.swift in Sources */ = {isa = PBXBuildFile; fileRef = F8EB29E32BA8480100E3B570 /* AffectationViewModel.swift */; };
/* End PBXBuildFile section */

/* Begin PBXContainerItemProxy section */
		B1B050442BA0971000FD010A /* PBXContainerItemProxy */ = {
			isa = PBXContainerItemProxy;
			containerPortal = B1B0502B2BA0970E00FD010A /* Project object */;
			proxyType = 1;
			remoteGlobalIDString = B1B050322BA0970E00FD010A;
			remoteInfo = "Festival du Jeu IOS";
		};
		B1B0504E2BA0971000FD010A /* PBXContainerItemProxy */ = {
			isa = PBXContainerItemProxy;
			containerPortal = B1B0502B2BA0970E00FD010A /* Project object */;
			proxyType = 1;
			remoteGlobalIDString = B1B050322BA0970E00FD010A;
			remoteInfo = "Festival du Jeu IOS";
		};
/* End PBXContainerItemProxy section */

/* Begin PBXFileReference section */
		B117BC8A2BADC7F3008B5CBD /* Requests.swift */ = {isa = PBXFileReference; lastKnownFileType = sourcecode.swift; path = Requests.swift; sourceTree = "<group>"; };
		B182BFBE2BA9EFC500A4E568 /* ProfileView.swift */ = {isa = PBXFileReference; lastKnownFileType = sourcecode.swift; path = ProfileView.swift; sourceTree = "<group>"; };
		B182BFC12BA9F5B500A4E568 /* ProfileModel.swift */ = {isa = PBXFileReference; lastKnownFileType = sourcecode.swift; path = ProfileModel.swift; sourceTree = "<group>"; };
		B182BFC32BA9F76100A4E568 /* ProfileViewModel.swift */ = {isa = PBXFileReference; lastKnownFileType = sourcecode.swift; path = ProfileViewModel.swift; sourceTree = "<group>"; };
		B182BFC62BA9F92500A4E568 /* TokenManager.swift */ = {isa = PBXFileReference; lastKnownFileType = sourcecode.swift; path = TokenManager.swift; sourceTree = "<group>"; };
		B182BFCC2BAC9B7A00A4E568 /* SoireeDecouverteModel.swift */ = {isa = PBXFileReference; lastKnownFileType = sourcecode.swift; path = SoireeDecouverteModel.swift; sourceTree = "<group>"; };
		B182BFCE2BACA8A600A4E568 /* NextAffectationModel.swift */ = {isa = PBXFileReference; lastKnownFileType = sourcecode.swift; path = NextAffectationModel.swift; sourceTree = "<group>"; };
		B182BFD02BACA8C900A4E568 /* NextAffectationViewModel.swift */ = {isa = PBXFileReference; lastKnownFileType = sourcecode.swift; path = NextAffectationViewModel.swift; sourceTree = "<group>"; };
		B1B050332BA0970E00FD010A /* Festival du Jeu IOS.app */ = {isa = PBXFileReference; explicitFileType = wrapper.application; includeInIndex = 0; path = "Festival du Jeu IOS.app"; sourceTree = BUILT_PRODUCTS_DIR; };
		B1B050362BA0970E00FD010A /* Festival_du_Jeu_IOSApp.swift */ = {isa = PBXFileReference; lastKnownFileType = sourcecode.swift; path = Festival_du_Jeu_IOSApp.swift; sourceTree = "<group>"; };
		B1B050382BA0970E00FD010A /* ContentView.swift */ = {isa = PBXFileReference; lastKnownFileType = sourcecode.swift; path = ContentView.swift; sourceTree = "<group>"; };
		B1B0503A2BA0971000FD010A /* Assets.xcassets */ = {isa = PBXFileReference; lastKnownFileType = folder.assetcatalog; path = Assets.xcassets; sourceTree = "<group>"; };
		B1B0503D2BA0971000FD010A /* Preview Assets.xcassets */ = {isa = PBXFileReference; lastKnownFileType = folder.assetcatalog; path = "Preview Assets.xcassets"; sourceTree = "<group>"; };
		B1B050432BA0971000FD010A /* Festival du Jeu IOSTests.xctest */ = {isa = PBXFileReference; explicitFileType = wrapper.cfbundle; includeInIndex = 0; path = "Festival du Jeu IOSTests.xctest"; sourceTree = BUILT_PRODUCTS_DIR; };
		B1B050472BA0971000FD010A /* Festival_du_Jeu_IOSTests.swift */ = {isa = PBXFileReference; lastKnownFileType = sourcecode.swift; path = Festival_du_Jeu_IOSTests.swift; sourceTree = "<group>"; };
		B1B0504D2BA0971000FD010A /* Festival du Jeu IOSUITests.xctest */ = {isa = PBXFileReference; explicitFileType = wrapper.cfbundle; includeInIndex = 0; path = "Festival du Jeu IOSUITests.xctest"; sourceTree = BUILT_PRODUCTS_DIR; };
		B1B050512BA0971000FD010A /* Festival_du_Jeu_IOSUITests.swift */ = {isa = PBXFileReference; lastKnownFileType = sourcecode.swift; path = Festival_du_Jeu_IOSUITests.swift; sourceTree = "<group>"; };
		B1B050532BA0971000FD010A /* Festival_du_Jeu_IOSUITestsLaunchTests.swift */ = {isa = PBXFileReference; lastKnownFileType = sourcecode.swift; path = Festival_du_Jeu_IOSUITestsLaunchTests.swift; sourceTree = "<group>"; };
		B1B0506E2BA09D0E00FD010A /* AuthView.swift */ = {isa = PBXFileReference; lastKnownFileType = sourcecode.swift; path = AuthView.swift; sourceTree = "<group>"; };
		B1B050702BA09DA500FD010A /* CustomButton.swift */ = {isa = PBXFileReference; lastKnownFileType = sourcecode.swift; path = CustomButton.swift; sourceTree = "<group>"; };
		B1B050722BA19E8900FD010A /* BenevoleVM.swift */ = {isa = PBXFileReference; lastKnownFileType = sourcecode.swift; path = BenevoleVM.swift; sourceTree = "<group>"; };
		B1B050762BA1A69E00FD010A /* APIStates.swift */ = {isa = PBXFileReference; lastKnownFileType = sourcecode.swift; path = APIStates.swift; sourceTree = "<group>"; };
		B1B050782BA1A6C900FD010A /* APIErrors.swift */ = {isa = PBXFileReference; lastKnownFileType = sourcecode.swift; path = APIErrors.swift; sourceTree = "<group>"; };
		B1B0507A2BA1A75C00FD010A /* BenevoleDTO.swift */ = {isa = PBXFileReference; lastKnownFileType = sourcecode.swift; path = BenevoleDTO.swift; sourceTree = "<group>"; };
		B1B0507F2BA1AC6000FD010A /* BenevoleIntent.swift */ = {isa = PBXFileReference; lastKnownFileType = sourcecode.swift; path = BenevoleIntent.swift; sourceTree = "<group>"; };
		B1B050812BA1B62800FD010A /* LoginView.swift */ = {isa = PBXFileReference; lastKnownFileType = sourcecode.swift; path = LoginView.swift; sourceTree = "<group>"; };
		B1B050842BA1B66A00FD010A /* LoginViewModel.swift */ = {isa = PBXFileReference; lastKnownFileType = sourcecode.swift; path = LoginViewModel.swift; sourceTree = "<group>"; };
		B1B050862BA497FD00FD010A /* WelcomeView.swift */ = {isa = PBXFileReference; lastKnownFileType = sourcecode.swift; path = WelcomeView.swift; sourceTree = "<group>"; };
		B1B050882BA4989700FD010A /* WelcomViewModel.swift */ = {isa = PBXFileReference; lastKnownFileType = sourcecode.swift; path = WelcomViewModel.swift; sourceTree = "<group>"; };
		F8144D1E2BA5F35200B85A7F /* Footer.swift */ = {isa = PBXFileReference; lastKnownFileType = sourcecode.swift; path = Footer.swift; sourceTree = "<group>"; };
		F8144D202BA5F5FA00B85A7F /* Colors.swift */ = {isa = PBXFileReference; lastKnownFileType = sourcecode.swift; path = Colors.swift; sourceTree = "<group>"; };
		F8144D232BA5FE1000B85A7F /* JeuView.swift */ = {isa = PBXFileReference; lastKnownFileType = sourcecode.swift; path = JeuView.swift; sourceTree = "<group>"; };
		F8144D252BA5FE3700B85A7F /* JeuxListeView.swift */ = {isa = PBXFileReference; lastKnownFileType = sourcecode.swift; path = JeuxListeView.swift; sourceTree = "<group>"; };
		F8144D282BA5FE6C00B85A7F /* JeuViewModel.swift */ = {isa = PBXFileReference; lastKnownFileType = sourcecode.swift; path = JeuViewModel.swift; sourceTree = "<group>"; };
		F8144D2A2BA5FE9400B85A7F /* JeuxListeViewModel.swift */ = {isa = PBXFileReference; lastKnownFileType = sourcecode.swift; path = JeuxListeViewModel.swift; sourceTree = "<group>"; };
		F8144D2D2BA5FEF100B85A7F /* JeuModel.swift */ = {isa = PBXFileReference; lastKnownFileType = sourcecode.swift; path = JeuModel.swift; sourceTree = "<group>"; };
		F849267F2BA8DAFB00D8F0A1 /* EquipeViewModel.swift */ = {isa = PBXFileReference; lastKnownFileType = sourcecode.swift; path = EquipeViewModel.swift; sourceTree = "<group>"; };
		F8DF89F02BA760C500DF731E /* SignInView.swift */ = {isa = PBXFileReference; lastKnownFileType = sourcecode.swift; path = SignInView.swift; sourceTree = "<group>"; };
		F8DF89F22BA761FA00DF731E /* SignInViewModel.swift */ = {isa = PBXFileReference; lastKnownFileType = sourcecode.swift; path = SignInViewModel.swift; sourceTree = "<group>"; };
		F8EB29D02BA8326A00E3B570 /* PlanningView.swift */ = {isa = PBXFileReference; lastKnownFileType = sourcecode.swift; path = PlanningView.swift; sourceTree = "<group>"; };
		F8EB29D22BA8389700E3B570 /* AffectationModel.swift */ = {isa = PBXFileReference; lastKnownFileType = sourcecode.swift; path = AffectationModel.swift; sourceTree = "<group>"; };
		F8EB29D42BA839F200E3B570 /* PosteModel.swift */ = {isa = PBXFileReference; lastKnownFileType = sourcecode.swift; path = PosteModel.swift; sourceTree = "<group>"; };
		F8EB29D62BA83A8D00E3B570 /* ReferentModel.swift */ = {isa = PBXFileReference; lastKnownFileType = sourcecode.swift; path = ReferentModel.swift; sourceTree = "<group>"; };
		F8EB29D82BA83AE600E3B570 /* HoraireModel.swift */ = {isa = PBXFileReference; lastKnownFileType = sourcecode.swift; path = HoraireModel.swift; sourceTree = "<group>"; };
		F8EB29DA2BA83BA200E3B570 /* UserModel.swift */ = {isa = PBXFileReference; lastKnownFileType = sourcecode.swift; path = UserModel.swift; sourceTree = "<group>"; };
		F8EB29DC2BA83C0500E3B570 /* ZoneModel.swift */ = {isa = PBXFileReference; lastKnownFileType = sourcecode.swift; path = ZoneModel.swift; sourceTree = "<group>"; };
		F8EB29DF2BA83DF600E3B570 /* PlanningViewModel.swift */ = {isa = PBXFileReference; lastKnownFileType = sourcecode.swift; path = PlanningViewModel.swift; sourceTree = "<group>"; };
		F8EB29E12BA847DD00E3B570 /* AffectationView.swift */ = {isa = PBXFileReference; lastKnownFileType = sourcecode.swift; path = AffectationView.swift; sourceTree = "<group>"; };
		F8EB29E32BA8480100E3B570 /* AffectationViewModel.swift */ = {isa = PBXFileReference; lastKnownFileType = sourcecode.swift; path = AffectationViewModel.swift; sourceTree = "<group>"; };
/* End PBXFileReference section */

/* Begin PBXFrameworksBuildPhase section */
		B1B050302BA0970E00FD010A /* Frameworks */ = {
			isa = PBXFrameworksBuildPhase;
			buildActionMask = 2147483647;
			files = (
			);
			runOnlyForDeploymentPostprocessing = 0;
		};
		B1B050402BA0971000FD010A /* Frameworks */ = {
			isa = PBXFrameworksBuildPhase;
			buildActionMask = 2147483647;
			files = (
			);
			runOnlyForDeploymentPostprocessing = 0;
		};
		B1B0504A2BA0971000FD010A /* Frameworks */ = {
			isa = PBXFrameworksBuildPhase;
			buildActionMask = 2147483647;
			files = (
			);
			runOnlyForDeploymentPostprocessing = 0;
		};
/* End PBXFrameworksBuildPhase section */

/* Begin PBXGroup section */
		B117BC892BADC7D5008B5CBD /* Requests */ = {
			isa = PBXGroup;
			children = (
				B117BC8A2BADC7F3008B5CBD /* Requests.swift */,
			);
			path = Requests;
			sourceTree = "<group>";
		};
		B182BFBD2BA9EFB600A4E568 /* Profile */ = {
			isa = PBXGroup;
			children = (
				B182BFBE2BA9EFC500A4E568 /* ProfileView.swift */,
			);
			path = Profile;
			sourceTree = "<group>";
		};
		B182BFC02BA9F2E000A4E568 /* Profile */ = {
			isa = PBXGroup;
			children = (
				B182BFC32BA9F76100A4E568 /* ProfileViewModel.swift */,
			);
			path = Profile;
			sourceTree = "<group>";
		};
		B182BFC52BA9F8E000A4E568 /* Utils */ = {
			isa = PBXGroup;
			children = (
				B182BFC62BA9F92500A4E568 /* TokenManager.swift */,
			);
			path = Utils;
			sourceTree = "<group>";
		};
		B1B0502A2BA0970E00FD010A = {
			isa = PBXGroup;
			children = (
				B1B050352BA0970E00FD010A /* Festival du Jeu IOS */,
				B1B050462BA0971000FD010A /* Festival du Jeu IOSTests */,
				B1B050502BA0971000FD010A /* Festival du Jeu IOSUITests */,
				B1B050342BA0970E00FD010A /* Products */,
			);
			sourceTree = "<group>";
		};
		B1B050342BA0970E00FD010A /* Products */ = {
			isa = PBXGroup;
			children = (
				B1B050332BA0970E00FD010A /* Festival du Jeu IOS.app */,
				B1B050432BA0971000FD010A /* Festival du Jeu IOSTests.xctest */,
				B1B0504D2BA0971000FD010A /* Festival du Jeu IOSUITests.xctest */,
			);
			name = Products;
			sourceTree = "<group>";
		};
		B1B050352BA0970E00FD010A /* Festival du Jeu IOS */ = {
			isa = PBXGroup;
			children = (
				B117BC892BADC7D5008B5CBD /* Requests */,
				B182BFC52BA9F8E000A4E568 /* Utils */,
				F8144D2C2BA5FEE000B85A7F /* Models */,
				B1B050682BA09B8A00FD010A /* Views */,
				B1B050672BA09AE400FD010A /* ViewModels */,
				B1B050662BA09AD300FD010A /* Tools */,
				B1B050652BA09ABF00FD010A /* Intents */,
				B1B050642BA09A9900FD010A /* Enums */,
				B1B050632BA09A8D00FD010A /* DTOs */,
				B1B050622BA09A7700FD010A /* Components */,
				B1B050362BA0970E00FD010A /* Festival_du_Jeu_IOSApp.swift */,
				B1B050382BA0970E00FD010A /* ContentView.swift */,
				B1B0503A2BA0971000FD010A /* Assets.xcassets */,
				B1B0503C2BA0971000FD010A /* Preview Content */,
			);
			path = "Festival du Jeu IOS";
			sourceTree = "<group>";
		};
		B1B0503C2BA0971000FD010A /* Preview Content */ = {
			isa = PBXGroup;
			children = (
				B1B0503D2BA0971000FD010A /* Preview Assets.xcassets */,
			);
			path = "Preview Content";
			sourceTree = "<group>";
		};
		B1B050462BA0971000FD010A /* Festival du Jeu IOSTests */ = {
			isa = PBXGroup;
			children = (
				B1B050472BA0971000FD010A /* Festival_du_Jeu_IOSTests.swift */,
			);
			path = "Festival du Jeu IOSTests";
			sourceTree = "<group>";
		};
		B1B050502BA0971000FD010A /* Festival du Jeu IOSUITests */ = {
			isa = PBXGroup;
			children = (
				B1B050512BA0971000FD010A /* Festival_du_Jeu_IOSUITests.swift */,
				B1B050532BA0971000FD010A /* Festival_du_Jeu_IOSUITestsLaunchTests.swift */,
			);
			path = "Festival du Jeu IOSUITests";
			sourceTree = "<group>";
		};
		B1B050622BA09A7700FD010A /* Components */ = {
			isa = PBXGroup;
			children = (
				B1B050702BA09DA500FD010A /* CustomButton.swift */,
			);
			path = Components;
			sourceTree = "<group>";
		};
		B1B050632BA09A8D00FD010A /* DTOs */ = {
			isa = PBXGroup;
			children = (
				B1B0507A2BA1A75C00FD010A /* BenevoleDTO.swift */,
			);
			path = DTOs;
			sourceTree = "<group>";
		};
		B1B050642BA09A9900FD010A /* Enums */ = {
			isa = PBXGroup;
			children = (
				B1B050762BA1A69E00FD010A /* APIStates.swift */,
				B1B050782BA1A6C900FD010A /* APIErrors.swift */,
				F8144D202BA5F5FA00B85A7F /* Colors.swift */,
			);
			path = Enums;
			sourceTree = "<group>";
		};
		B1B050652BA09ABF00FD010A /* Intents */ = {
			isa = PBXGroup;
			children = (
				B1B0507E2BA1AC4200FD010A /* Benevole */,
			);
			path = Intents;
			sourceTree = "<group>";
		};
		B1B050662BA09AD300FD010A /* Tools */ = {
			isa = PBXGroup;
			children = (
			);
			path = Tools;
			sourceTree = "<group>";
		};
		B1B050672BA09AE400FD010A /* ViewModels */ = {
			isa = PBXGroup;
			children = (
				B182BFC02BA9F2E000A4E568 /* Profile */,
				F8EB29DE2BA83DE000E3B570 /* Planning */,
				F8144D272BA5FE5A00B85A7F /* Jeux */,
				B1B050722BA19E8900FD010A /* BenevoleVM.swift */,
				B1B050842BA1B66A00FD010A /* LoginViewModel.swift */,
				B1B050882BA4989700FD010A /* WelcomViewModel.swift */,
				F8DF89F22BA761FA00DF731E /* SignInViewModel.swift */,
				B182BFD02BACA8C900A4E568 /* NextAffectationViewModel.swift */,
			);
			path = ViewModels;
			sourceTree = "<group>";
		};
		B1B050682BA09B8A00FD010A /* Views */ = {
			isa = PBXGroup;
			children = (
				B182BFBD2BA9EFB600A4E568 /* Profile */,
				F8EB29CF2BA8323000E3B570 /* Planning */,
				F8144D222BA5FDFF00B85A7F /* Jeux */,
				B1B0506B2BA09C8800FD010A /* Auth */,
				B1B050862BA497FD00FD010A /* WelcomeView.swift */,
				F8144D1E2BA5F35200B85A7F /* Footer.swift */,
			);
			path = Views;
			sourceTree = "<group>";
		};
		B1B0506B2BA09C8800FD010A /* Auth */ = {
			isa = PBXGroup;
			children = (
				B1B0506E2BA09D0E00FD010A /* AuthView.swift */,
				B1B050812BA1B62800FD010A /* LoginView.swift */,
				F8DF89F02BA760C500DF731E /* SignInView.swift */,
			);
			path = Auth;
			sourceTree = "<group>";
		};
		B1B0507E2BA1AC4200FD010A /* Benevole */ = {
			isa = PBXGroup;
			children = (
				B1B0507F2BA1AC6000FD010A /* BenevoleIntent.swift */,
			);
			path = Benevole;
			sourceTree = "<group>";
		};
		F8144D222BA5FDFF00B85A7F /* Jeux */ = {
			isa = PBXGroup;
			children = (
				F8144D232BA5FE1000B85A7F /* JeuView.swift */,
				F8144D252BA5FE3700B85A7F /* JeuxListeView.swift */,
			);
			path = Jeux;
			sourceTree = "<group>";
		};
		F8144D272BA5FE5A00B85A7F /* Jeux */ = {
			isa = PBXGroup;
			children = (
				F8144D282BA5FE6C00B85A7F /* JeuViewModel.swift */,
				F8144D2A2BA5FE9400B85A7F /* JeuxListeViewModel.swift */,
			);
			path = Jeux;
			sourceTree = "<group>";
		};
		F8144D2C2BA5FEE000B85A7F /* Models */ = {
			isa = PBXGroup;
			children = (
				F8144D2D2BA5FEF100B85A7F /* JeuModel.swift */,
				F8EB29D22BA8389700E3B570 /* AffectationModel.swift */,
				F8EB29D42BA839F200E3B570 /* PosteModel.swift */,
				F8EB29D62BA83A8D00E3B570 /* ReferentModel.swift */,
				F8EB29D82BA83AE600E3B570 /* HoraireModel.swift */,
				F8EB29DA2BA83BA200E3B570 /* UserModel.swift */,
				F8EB29DC2BA83C0500E3B570 /* ZoneModel.swift */,
				B182BFC12BA9F5B500A4E568 /* ProfileModel.swift */,
				B182BFCC2BAC9B7A00A4E568 /* SoireeDecouverteModel.swift */,
				B182BFCE2BACA8A600A4E568 /* NextAffectationModel.swift */,
			);
			path = Models;
			sourceTree = "<group>";
		};
		F8EB29CF2BA8323000E3B570 /* Planning */ = {
			isa = PBXGroup;
			children = (
				F8EB29D02BA8326A00E3B570 /* PlanningView.swift */,
				F8EB29E12BA847DD00E3B570 /* AffectationView.swift */,
			);
			path = Planning;
			sourceTree = "<group>";
		};
		F8EB29DE2BA83DE000E3B570 /* Planning */ = {
			isa = PBXGroup;
			children = (
				F8EB29DF2BA83DF600E3B570 /* PlanningViewModel.swift */,
				F8EB29E32BA8480100E3B570 /* AffectationViewModel.swift */,
				F849267F2BA8DAFB00D8F0A1 /* EquipeViewModel.swift */,
			);
			path = Planning;
			sourceTree = "<group>";
		};
/* End PBXGroup section */

/* Begin PBXNativeTarget section */
		B1B050322BA0970E00FD010A /* Festival du Jeu IOS */ = {
			isa = PBXNativeTarget;
			buildConfigurationList = B1B050572BA0971000FD010A /* Build configuration list for PBXNativeTarget "Festival du Jeu IOS" */;
			buildPhases = (
				B1B0502F2BA0970E00FD010A /* Sources */,
				B1B050302BA0970E00FD010A /* Frameworks */,
				B1B050312BA0970E00FD010A /* Resources */,
			);
			buildRules = (
			);
			dependencies = (
			);
			name = "Festival du Jeu IOS";
			productName = "Festival du Jeu IOS";
			productReference = B1B050332BA0970E00FD010A /* Festival du Jeu IOS.app */;
			productType = "com.apple.product-type.application";
		};
		B1B050422BA0971000FD010A /* Festival du Jeu IOSTests */ = {
			isa = PBXNativeTarget;
			buildConfigurationList = B1B0505A2BA0971000FD010A /* Build configuration list for PBXNativeTarget "Festival du Jeu IOSTests" */;
			buildPhases = (
				B1B0503F2BA0971000FD010A /* Sources */,
				B1B050402BA0971000FD010A /* Frameworks */,
				B1B050412BA0971000FD010A /* Resources */,
			);
			buildRules = (
			);
			dependencies = (
				B1B050452BA0971000FD010A /* PBXTargetDependency */,
			);
			name = "Festival du Jeu IOSTests";
			productName = "Festival du Jeu IOSTests";
			productReference = B1B050432BA0971000FD010A /* Festival du Jeu IOSTests.xctest */;
			productType = "com.apple.product-type.bundle.unit-test";
		};
		B1B0504C2BA0971000FD010A /* Festival du Jeu IOSUITests */ = {
			isa = PBXNativeTarget;
			buildConfigurationList = B1B0505D2BA0971000FD010A /* Build configuration list for PBXNativeTarget "Festival du Jeu IOSUITests" */;
			buildPhases = (
				B1B050492BA0971000FD010A /* Sources */,
				B1B0504A2BA0971000FD010A /* Frameworks */,
				B1B0504B2BA0971000FD010A /* Resources */,
			);
			buildRules = (
			);
			dependencies = (
				B1B0504F2BA0971000FD010A /* PBXTargetDependency */,
			);
			name = "Festival du Jeu IOSUITests";
			productName = "Festival du Jeu IOSUITests";
			productReference = B1B0504D2BA0971000FD010A /* Festival du Jeu IOSUITests.xctest */;
			productType = "com.apple.product-type.bundle.ui-testing";
		};
/* End PBXNativeTarget section */

/* Begin PBXProject section */
		B1B0502B2BA0970E00FD010A /* Project object */ = {
			isa = PBXProject;
			attributes = {
				BuildIndependentTargetsInParallel = 1;
				LastSwiftUpdateCheck = 1420;
				LastUpgradeCheck = 1420;
				TargetAttributes = {
					B1B050322BA0970E00FD010A = {
						CreatedOnToolsVersion = 14.2;
					};
					B1B050422BA0971000FD010A = {
						CreatedOnToolsVersion = 14.2;
						TestTargetID = B1B050322BA0970E00FD010A;
					};
					B1B0504C2BA0971000FD010A = {
						CreatedOnToolsVersion = 14.2;
						TestTargetID = B1B050322BA0970E00FD010A;
					};
				};
			};
			buildConfigurationList = B1B0502E2BA0970E00FD010A /* Build configuration list for PBXProject "Festival du Jeu IOS" */;
			compatibilityVersion = "Xcode 14.0";
			developmentRegion = en;
			hasScannedForEncodings = 0;
			knownRegions = (
				en,
				Base,
			);
			mainGroup = B1B0502A2BA0970E00FD010A;
			productRefGroup = B1B050342BA0970E00FD010A /* Products */;
			projectDirPath = "";
			projectRoot = "";
			targets = (
				B1B050322BA0970E00FD010A /* Festival du Jeu IOS */,
				B1B050422BA0971000FD010A /* Festival du Jeu IOSTests */,
				B1B0504C2BA0971000FD010A /* Festival du Jeu IOSUITests */,
			);
		};
/* End PBXProject section */

/* Begin PBXResourcesBuildPhase section */
		B1B050312BA0970E00FD010A /* Resources */ = {
			isa = PBXResourcesBuildPhase;
			buildActionMask = 2147483647;
			files = (
				B1B0503E2BA0971000FD010A /* Preview Assets.xcassets in Resources */,
				B1B0503B2BA0971000FD010A /* Assets.xcassets in Resources */,
			);
			runOnlyForDeploymentPostprocessing = 0;
		};
		B1B050412BA0971000FD010A /* Resources */ = {
			isa = PBXResourcesBuildPhase;
			buildActionMask = 2147483647;
			files = (
			);
			runOnlyForDeploymentPostprocessing = 0;
		};
		B1B0504B2BA0971000FD010A /* Resources */ = {
			isa = PBXResourcesBuildPhase;
			buildActionMask = 2147483647;
			files = (
			);
			runOnlyForDeploymentPostprocessing = 0;
		};
/* End PBXResourcesBuildPhase section */

/* Begin PBXSourcesBuildPhase section */
		B1B0502F2BA0970E00FD010A /* Sources */ = {
			isa = PBXSourcesBuildPhase;
			buildActionMask = 2147483647;
			files = (
				B182BFD12BACA8C900A4E568 /* NextAffectationViewModel.swift in Sources */,
				F8EB29DD2BA83C0500E3B570 /* ZoneModel.swift in Sources */,
				F8144D2B2BA5FE9400B85A7F /* JeuxListeViewModel.swift in Sources */,
				B1B050802BA1AC6000FD010A /* BenevoleIntent.swift in Sources */,
				F8144D212BA5F5FA00B85A7F /* Colors.swift in Sources */,
				B1B050712BA09DA500FD010A /* CustomButton.swift in Sources */,
				F8EB29E42BA8480100E3B570 /* AffectationViewModel.swift in Sources */,
				F8EB29D92BA83AE600E3B570 /* HoraireModel.swift in Sources */,
				B1B050852BA1B66A00FD010A /* LoginViewModel.swift in Sources */,
				B1B050792BA1A6C900FD010A /* APIErrors.swift in Sources */,
				F8144D1F2BA5F35200B85A7F /* Footer.swift in Sources */,
				B1B050392BA0970E00FD010A /* ContentView.swift in Sources */,
				F8EB29D52BA839F200E3B570 /* PosteModel.swift in Sources */,
				F8144D242BA5FE1000B85A7F /* JeuView.swift in Sources */,
				F8DF89F32BA761FA00DF731E /* SignInViewModel.swift in Sources */,
				F8144D262BA5FE3700B85A7F /* JeuxListeView.swift in Sources */,
				B1B0507B2BA1A75C00FD010A /* BenevoleDTO.swift in Sources */,
				B182BFCF2BACA8A600A4E568 /* NextAffectationModel.swift in Sources */,
				F8EB29D12BA8326A00E3B570 /* PlanningView.swift in Sources */,
				B1B050732BA19E8900FD010A /* BenevoleVM.swift in Sources */,
				F8EB29E22BA847DD00E3B570 /* AffectationView.swift in Sources */,
				F8EB29D32BA8389700E3B570 /* AffectationModel.swift in Sources */,
				B1B050872BA497FD00FD010A /* WelcomeView.swift in Sources */,
				B1B050892BA4989700FD010A /* WelcomViewModel.swift in Sources */,
				F8EB29D72BA83A8D00E3B570 /* ReferentModel.swift in Sources */,
				F8EB29E02BA83DF600E3B570 /* PlanningViewModel.swift in Sources */,
				F8144D292BA5FE6C00B85A7F /* JeuViewModel.swift in Sources */,
				F8DF89F12BA760C500DF731E /* SignInView.swift in Sources */,
				B182BFBF2BA9EFC500A4E568 /* ProfileView.swift in Sources */,
				F8EB29DB2BA83BA200E3B570 /* UserModel.swift in Sources */,
				B1B050372BA0970E00FD010A /* Festival_du_Jeu_IOSApp.swift in Sources */,
				B1B050772BA1A69E00FD010A /* APIStates.swift in Sources */,
				B117BC8B2BADC7F3008B5CBD /* Requests.swift in Sources */,
				B182BFC42BA9F76100A4E568 /* ProfileViewModel.swift in Sources */,
				B182BFC22BA9F5B500A4E568 /* ProfileModel.swift in Sources */,
				B1B050822BA1B62800FD010A /* LoginView.swift in Sources */,
				F8144D2E2BA5FEF100B85A7F /* JeuModel.swift in Sources */,
				B182BFC72BA9F92500A4E568 /* TokenManager.swift in Sources */,
				F84926802BA8DAFB00D8F0A1 /* EquipeViewModel.swift in Sources */,
				B182BFCD2BAC9B7A00A4E568 /* SoireeDecouverteModel.swift in Sources */,
				B1B0506F2BA09D0E00FD010A /* AuthView.swift in Sources */,
			);
			runOnlyForDeploymentPostprocessing = 0;
		};
		B1B0503F2BA0971000FD010A /* Sources */ = {
			isa = PBXSourcesBuildPhase;
			buildActionMask = 2147483647;
			files = (
				B1B050482BA0971000FD010A /* Festival_du_Jeu_IOSTests.swift in Sources */,
			);
			runOnlyForDeploymentPostprocessing = 0;
		};
		B1B050492BA0971000FD010A /* Sources */ = {
			isa = PBXSourcesBuildPhase;
			buildActionMask = 2147483647;
			files = (
				B1B050542BA0971000FD010A /* Festival_du_Jeu_IOSUITestsLaunchTests.swift in Sources */,
				B1B050522BA0971000FD010A /* Festival_du_Jeu_IOSUITests.swift in Sources */,
			);
			runOnlyForDeploymentPostprocessing = 0;
		};
/* End PBXSourcesBuildPhase section */

/* Begin PBXTargetDependency section */
		B1B050452BA0971000FD010A /* PBXTargetDependency */ = {
			isa = PBXTargetDependency;
			target = B1B050322BA0970E00FD010A /* Festival du Jeu IOS */;
			targetProxy = B1B050442BA0971000FD010A /* PBXContainerItemProxy */;
		};
		B1B0504F2BA0971000FD010A /* PBXTargetDependency */ = {
			isa = PBXTargetDependency;
			target = B1B050322BA0970E00FD010A /* Festival du Jeu IOS */;
			targetProxy = B1B0504E2BA0971000FD010A /* PBXContainerItemProxy */;
		};
/* End PBXTargetDependency section */

/* Begin XCBuildConfiguration section */
		B1B050552BA0971000FD010A /* Debug */ = {
			isa = XCBuildConfiguration;
			buildSettings = {
				ALWAYS_SEARCH_USER_PATHS = NO;
				CLANG_ANALYZER_NONNULL = YES;
				CLANG_ANALYZER_NUMBER_OBJECT_CONVERSION = YES_AGGRESSIVE;
				CLANG_CXX_LANGUAGE_STANDARD = "gnu++20";
				CLANG_ENABLE_MODULES = YES;
				CLANG_ENABLE_OBJC_ARC = YES;
				CLANG_ENABLE_OBJC_WEAK = YES;
				CLANG_WARN_BLOCK_CAPTURE_AUTORELEASING = YES;
				CLANG_WARN_BOOL_CONVERSION = YES;
				CLANG_WARN_COMMA = YES;
				CLANG_WARN_CONSTANT_CONVERSION = YES;
				CLANG_WARN_DEPRECATED_OBJC_IMPLEMENTATIONS = YES;
				CLANG_WARN_DIRECT_OBJC_ISA_USAGE = YES_ERROR;
				CLANG_WARN_DOCUMENTATION_COMMENTS = YES;
				CLANG_WARN_EMPTY_BODY = YES;
				CLANG_WARN_ENUM_CONVERSION = YES;
				CLANG_WARN_INFINITE_RECURSION = YES;
				CLANG_WARN_INT_CONVERSION = YES;
				CLANG_WARN_NON_LITERAL_NULL_CONVERSION = YES;
				CLANG_WARN_OBJC_IMPLICIT_RETAIN_SELF = YES;
				CLANG_WARN_OBJC_LITERAL_CONVERSION = YES;
				CLANG_WARN_OBJC_ROOT_CLASS = YES_ERROR;
				CLANG_WARN_QUOTED_INCLUDE_IN_FRAMEWORK_HEADER = YES;
				CLANG_WARN_RANGE_LOOP_ANALYSIS = YES;
				CLANG_WARN_STRICT_PROTOTYPES = YES;
				CLANG_WARN_SUSPICIOUS_MOVE = YES;
				CLANG_WARN_UNGUARDED_AVAILABILITY = YES_AGGRESSIVE;
				CLANG_WARN_UNREACHABLE_CODE = YES;
				CLANG_WARN__DUPLICATE_METHOD_MATCH = YES;
				COPY_PHASE_STRIP = NO;
				DEBUG_INFORMATION_FORMAT = dwarf;
				ENABLE_STRICT_OBJC_MSGSEND = YES;
				ENABLE_TESTABILITY = YES;
				GCC_C_LANGUAGE_STANDARD = gnu11;
				GCC_DYNAMIC_NO_PIC = NO;
				GCC_NO_COMMON_BLOCKS = YES;
				GCC_OPTIMIZATION_LEVEL = 0;
				GCC_PREPROCESSOR_DEFINITIONS = (
					"DEBUG=1",
					"$(inherited)",
				);
				GCC_WARN_64_TO_32_BIT_CONVERSION = YES;
				GCC_WARN_ABOUT_RETURN_TYPE = YES_ERROR;
				GCC_WARN_UNDECLARED_SELECTOR = YES;
				GCC_WARN_UNINITIALIZED_AUTOS = YES_AGGRESSIVE;
				GCC_WARN_UNUSED_FUNCTION = YES;
				GCC_WARN_UNUSED_VARIABLE = YES;
				IPHONEOS_DEPLOYMENT_TARGET = 16.2;
				MTL_ENABLE_DEBUG_INFO = INCLUDE_SOURCE;
				MTL_FAST_MATH = YES;
				ONLY_ACTIVE_ARCH = YES;
				SDKROOT = iphoneos;
				SWIFT_ACTIVE_COMPILATION_CONDITIONS = DEBUG;
				SWIFT_OPTIMIZATION_LEVEL = "-Onone";
			};
			name = Debug;
		};
		B1B050562BA0971000FD010A /* Release */ = {
			isa = XCBuildConfiguration;
			buildSettings = {
				ALWAYS_SEARCH_USER_PATHS = NO;
				CLANG_ANALYZER_NONNULL = YES;
				CLANG_ANALYZER_NUMBER_OBJECT_CONVERSION = YES_AGGRESSIVE;
				CLANG_CXX_LANGUAGE_STANDARD = "gnu++20";
				CLANG_ENABLE_MODULES = YES;
				CLANG_ENABLE_OBJC_ARC = YES;
				CLANG_ENABLE_OBJC_WEAK = YES;
				CLANG_WARN_BLOCK_CAPTURE_AUTORELEASING = YES;
				CLANG_WARN_BOOL_CONVERSION = YES;
				CLANG_WARN_COMMA = YES;
				CLANG_WARN_CONSTANT_CONVERSION = YES;
				CLANG_WARN_DEPRECATED_OBJC_IMPLEMENTATIONS = YES;
				CLANG_WARN_DIRECT_OBJC_ISA_USAGE = YES_ERROR;
				CLANG_WARN_DOCUMENTATION_COMMENTS = YES;
				CLANG_WARN_EMPTY_BODY = YES;
				CLANG_WARN_ENUM_CONVERSION = YES;
				CLANG_WARN_INFINITE_RECURSION = YES;
				CLANG_WARN_INT_CONVERSION = YES;
				CLANG_WARN_NON_LITERAL_NULL_CONVERSION = YES;
				CLANG_WARN_OBJC_IMPLICIT_RETAIN_SELF = YES;
				CLANG_WARN_OBJC_LITERAL_CONVERSION = YES;
				CLANG_WARN_OBJC_ROOT_CLASS = YES_ERROR;
				CLANG_WARN_QUOTED_INCLUDE_IN_FRAMEWORK_HEADER = YES;
				CLANG_WARN_RANGE_LOOP_ANALYSIS = YES;
				CLANG_WARN_STRICT_PROTOTYPES = YES;
				CLANG_WARN_SUSPICIOUS_MOVE = YES;
				CLANG_WARN_UNGUARDED_AVAILABILITY = YES_AGGRESSIVE;
				CLANG_WARN_UNREACHABLE_CODE = YES;
				CLANG_WARN__DUPLICATE_METHOD_MATCH = YES;
				COPY_PHASE_STRIP = NO;
				DEBUG_INFORMATION_FORMAT = "dwarf-with-dsym";
				ENABLE_NS_ASSERTIONS = NO;
				ENABLE_STRICT_OBJC_MSGSEND = YES;
				GCC_C_LANGUAGE_STANDARD = gnu11;
				GCC_NO_COMMON_BLOCKS = YES;
				GCC_WARN_64_TO_32_BIT_CONVERSION = YES;
				GCC_WARN_ABOUT_RETURN_TYPE = YES_ERROR;
				GCC_WARN_UNDECLARED_SELECTOR = YES;
				GCC_WARN_UNINITIALIZED_AUTOS = YES_AGGRESSIVE;
				GCC_WARN_UNUSED_FUNCTION = YES;
				GCC_WARN_UNUSED_VARIABLE = YES;
				IPHONEOS_DEPLOYMENT_TARGET = 16.2;
				MTL_ENABLE_DEBUG_INFO = NO;
				MTL_FAST_MATH = YES;
				SDKROOT = iphoneos;
				SWIFT_COMPILATION_MODE = wholemodule;
				SWIFT_OPTIMIZATION_LEVEL = "-O";
				VALIDATE_PRODUCT = YES;
			};
			name = Release;
		};
		B1B050582BA0971000FD010A /* Debug */ = {
			isa = XCBuildConfiguration;
			buildSettings = {
				ASSETCATALOG_COMPILER_APPICON_NAME = AppIcon;
				ASSETCATALOG_COMPILER_GLOBAL_ACCENT_COLOR_NAME = AccentColor;
				CODE_SIGN_STYLE = Automatic;
				CURRENT_PROJECT_VERSION = 1;
				DEVELOPMENT_ASSET_PATHS = "\"Festival du Jeu IOS/Preview Content\"";
				DEVELOPMENT_TEAM = Q7CD5RM5AT;
				ENABLE_PREVIEWS = YES;
				GENERATE_INFOPLIST_FILE = YES;
				INFOPLIST_KEY_UIApplicationSceneManifest_Generation = YES;
				INFOPLIST_KEY_UIApplicationSupportsIndirectInputEvents = YES;
				INFOPLIST_KEY_UILaunchScreen_Generation = YES;
				INFOPLIST_KEY_UISupportedInterfaceOrientations_iPad = "UIInterfaceOrientationPortrait UIInterfaceOrientationPortraitUpsideDown UIInterfaceOrientationLandscapeLeft UIInterfaceOrientationLandscapeRight";
				INFOPLIST_KEY_UISupportedInterfaceOrientations_iPhone = "UIInterfaceOrientationPortrait UIInterfaceOrientationLandscapeLeft UIInterfaceOrientationLandscapeRight";
				IPHONEOS_DEPLOYMENT_TARGET = 15.6;
				LD_RUNPATH_SEARCH_PATHS = (
					"$(inherited)",
					"@executable_path/Frameworks",
				);
				MARKETING_VERSION = 1.0;
				PRODUCT_BUNDLE_IDENTIFIER = "mateo.Festival-du-Jeu-IOS";
				PRODUCT_NAME = "$(TARGET_NAME)";
				SWIFT_EMIT_LOC_STRINGS = YES;
				SWIFT_VERSION = 5.0;
				TARGETED_DEVICE_FAMILY = "1,2";
			};
			name = Debug;
		};
		B1B050592BA0971000FD010A /* Release */ = {
			isa = XCBuildConfiguration;
			buildSettings = {
				ASSETCATALOG_COMPILER_APPICON_NAME = AppIcon;
				ASSETCATALOG_COMPILER_GLOBAL_ACCENT_COLOR_NAME = AccentColor;
				CODE_SIGN_STYLE = Automatic;
				CURRENT_PROJECT_VERSION = 1;
				DEVELOPMENT_ASSET_PATHS = "\"Festival du Jeu IOS/Preview Content\"";
				DEVELOPMENT_TEAM = Q7CD5RM5AT;
				ENABLE_PREVIEWS = YES;
				GENERATE_INFOPLIST_FILE = YES;
				INFOPLIST_KEY_UIApplicationSceneManifest_Generation = YES;
				INFOPLIST_KEY_UIApplicationSupportsIndirectInputEvents = YES;
				INFOPLIST_KEY_UILaunchScreen_Generation = YES;
				INFOPLIST_KEY_UISupportedInterfaceOrientations_iPad = "UIInterfaceOrientationPortrait UIInterfaceOrientationPortraitUpsideDown UIInterfaceOrientationLandscapeLeft UIInterfaceOrientationLandscapeRight";
				INFOPLIST_KEY_UISupportedInterfaceOrientations_iPhone = "UIInterfaceOrientationPortrait UIInterfaceOrientationLandscapeLeft UIInterfaceOrientationLandscapeRight";
				IPHONEOS_DEPLOYMENT_TARGET = 15.6;
				LD_RUNPATH_SEARCH_PATHS = (
					"$(inherited)",
					"@executable_path/Frameworks",
				);
				MARKETING_VERSION = 1.0;
				PRODUCT_BUNDLE_IDENTIFIER = "mateo.Festival-du-Jeu-IOS";
				PRODUCT_NAME = "$(TARGET_NAME)";
				SWIFT_EMIT_LOC_STRINGS = YES;
				SWIFT_VERSION = 5.0;
				TARGETED_DEVICE_FAMILY = "1,2";
			};
			name = Release;
		};
		B1B0505B2BA0971000FD010A /* Debug */ = {
			isa = XCBuildConfiguration;
			buildSettings = {
				ALWAYS_EMBED_SWIFT_STANDARD_LIBRARIES = YES;
				BUNDLE_LOADER = "$(TEST_HOST)";
				CODE_SIGN_STYLE = Automatic;
				CURRENT_PROJECT_VERSION = 1;
				DEVELOPMENT_TEAM = Q7CD5RM5AT;
				GENERATE_INFOPLIST_FILE = YES;
				IPHONEOS_DEPLOYMENT_TARGET = 16.2;
				MARKETING_VERSION = 1.0;
				PRODUCT_BUNDLE_IDENTIFIER = "mateo.Festival-du-Jeu-IOSTests";
				PRODUCT_NAME = "$(TARGET_NAME)";
				SWIFT_EMIT_LOC_STRINGS = NO;
				SWIFT_VERSION = 5.0;
				TARGETED_DEVICE_FAMILY = "1,2";
				TEST_HOST = "$(BUILT_PRODUCTS_DIR)/Festival du Jeu IOS.app/$(BUNDLE_EXECUTABLE_FOLDER_PATH)/Festival du Jeu IOS";
			};
			name = Debug;
		};
		B1B0505C2BA0971000FD010A /* Release */ = {
			isa = XCBuildConfiguration;
			buildSettings = {
				ALWAYS_EMBED_SWIFT_STANDARD_LIBRARIES = YES;
				BUNDLE_LOADER = "$(TEST_HOST)";
				CODE_SIGN_STYLE = Automatic;
				CURRENT_PROJECT_VERSION = 1;
				DEVELOPMENT_TEAM = Q7CD5RM5AT;
				GENERATE_INFOPLIST_FILE = YES;
				IPHONEOS_DEPLOYMENT_TARGET = 16.2;
				MARKETING_VERSION = 1.0;
				PRODUCT_BUNDLE_IDENTIFIER = "mateo.Festival-du-Jeu-IOSTests";
				PRODUCT_NAME = "$(TARGET_NAME)";
				SWIFT_EMIT_LOC_STRINGS = NO;
				SWIFT_VERSION = 5.0;
				TARGETED_DEVICE_FAMILY = "1,2";
				TEST_HOST = "$(BUILT_PRODUCTS_DIR)/Festival du Jeu IOS.app/$(BUNDLE_EXECUTABLE_FOLDER_PATH)/Festival du Jeu IOS";
			};
			name = Release;
		};
		B1B0505E2BA0971000FD010A /* Debug */ = {
			isa = XCBuildConfiguration;
			buildSettings = {
				ALWAYS_EMBED_SWIFT_STANDARD_LIBRARIES = YES;
				CODE_SIGN_STYLE = Automatic;
				CURRENT_PROJECT_VERSION = 1;
				DEVELOPMENT_TEAM = Q7CD5RM5AT;
				GENERATE_INFOPLIST_FILE = YES;
				MARKETING_VERSION = 1.0;
				PRODUCT_BUNDLE_IDENTIFIER = "mateo.Festival-du-Jeu-IOSUITests";
				PRODUCT_NAME = "$(TARGET_NAME)";
				SWIFT_EMIT_LOC_STRINGS = NO;
				SWIFT_VERSION = 5.0;
				TARGETED_DEVICE_FAMILY = "1,2";
				TEST_TARGET_NAME = "Festival du Jeu IOS";
			};
			name = Debug;
		};
		B1B0505F2BA0971000FD010A /* Release */ = {
			isa = XCBuildConfiguration;
			buildSettings = {
				ALWAYS_EMBED_SWIFT_STANDARD_LIBRARIES = YES;
				CODE_SIGN_STYLE = Automatic;
				CURRENT_PROJECT_VERSION = 1;
				DEVELOPMENT_TEAM = Q7CD5RM5AT;
				GENERATE_INFOPLIST_FILE = YES;
				MARKETING_VERSION = 1.0;
				PRODUCT_BUNDLE_IDENTIFIER = "mateo.Festival-du-Jeu-IOSUITests";
				PRODUCT_NAME = "$(TARGET_NAME)";
				SWIFT_EMIT_LOC_STRINGS = NO;
				SWIFT_VERSION = 5.0;
				TARGETED_DEVICE_FAMILY = "1,2";
				TEST_TARGET_NAME = "Festival du Jeu IOS";
			};
			name = Release;
		};
/* End XCBuildConfiguration section */

/* Begin XCConfigurationList section */
		B1B0502E2BA0970E00FD010A /* Build configuration list for PBXProject "Festival du Jeu IOS" */ = {
			isa = XCConfigurationList;
			buildConfigurations = (
				B1B050552BA0971000FD010A /* Debug */,
				B1B050562BA0971000FD010A /* Release */,
			);
			defaultConfigurationIsVisible = 0;
			defaultConfigurationName = Release;
		};
		B1B050572BA0971000FD010A /* Build configuration list for PBXNativeTarget "Festival du Jeu IOS" */ = {
			isa = XCConfigurationList;
			buildConfigurations = (
				B1B050582BA0971000FD010A /* Debug */,
				B1B050592BA0971000FD010A /* Release */,
			);
			defaultConfigurationIsVisible = 0;
			defaultConfigurationName = Release;
		};
		B1B0505A2BA0971000FD010A /* Build configuration list for PBXNativeTarget "Festival du Jeu IOSTests" */ = {
			isa = XCConfigurationList;
			buildConfigurations = (
				B1B0505B2BA0971000FD010A /* Debug */,
				B1B0505C2BA0971000FD010A /* Release */,
			);
			defaultConfigurationIsVisible = 0;
			defaultConfigurationName = Release;
		};
		B1B0505D2BA0971000FD010A /* Build configuration list for PBXNativeTarget "Festival du Jeu IOSUITests" */ = {
			isa = XCConfigurationList;
			buildConfigurations = (
				B1B0505E2BA0971000FD010A /* Debug */,
				B1B0505F2BA0971000FD010A /* Release */,
			);
			defaultConfigurationIsVisible = 0;
			defaultConfigurationName = Release;
		};
/* End XCConfigurationList section */
	};
	rootObject = B1B0502B2BA0970E00FD010A /* Project object */;
}
